Microsoft Visual Studio Solution File, Format Version 12.00
# Visual Studio Version 17
VisualStudioVersion = 17.5.2.0
MinimumVisualStudioVersion = 10.0.40219.1
Project("{FAE04EC0-301F-11D3-BF4B-00C04F79EFBC}") = "06convercao", "06convercao.csproj", "{69C431E2-569F-7E19-6406-8ADBD1A9A000}"
EndProject
Global
	GlobalSection(SolutionConfigurationPlatforms) = preSolution
		Debug|Any CPU = Debug|Any CPU
		Release|Any CPU = Release|Any CPU
	EndGlobalSection
	GlobalSection(ProjectConfigurationPlatforms) = postSolution
		{69C431E2-569F-7E19-6406-8ADBD1A9A000}.Debug|Any CPU.ActiveCfg = Debug|Any CPU
		{69C431E2-569F-7E19-6406-8ADBD1A9A000}.Debug|Any CPU.Build.0 = Debug|Any CPU
		{69C431E2-569F-7E19-6406-8ADBD1A9A000}.Release|Any CPU.ActiveCfg = Release|Any CPU
		{69C431E2-569F-7E19-6406-8ADBD1A9A000}.Release|Any CPU.Build.0 = Release|Any CPU
	EndGlobalSection
	GlobalSection(SolutionProperties) = preSolution
		HideSolutionNode = FALSE
	EndGlobalSection
	GlobalSection(ExtensibilityGlobals) = postSolution
		SolutionGuid = {18A42C59-4DE0-436B-9699-8CE3AE6C483F}
	EndGlobalSection
EndGlobal
