Microsoft Visual Studio Solution File, Format Version 12.00
# Visual Studio Version 17
VisualStudioVersion = 17.5.2.0
MinimumVisualStudioVersion = 10.0.40219.1
Project("{FAE04EC0-301F-11D3-BF4B-00C04F79EFBC}") = "14estrutura_escolha", "14estrutura_escolha.csproj", "{E09F14FB-AB39-9FD2-A9BB-3E9B6AF4B521}"
EndProject
Global
	GlobalSection(SolutionConfigurationPlatforms) = preSolution
		Debug|Any CPU = Debug|Any CPU
		Release|Any CPU = Release|Any CPU
	EndGlobalSection
	GlobalSection(ProjectConfigurationPlatforms) = postSolution
		{E09F14FB-AB39-9FD2-A9BB-3E9B6AF4B521}.Debug|Any CPU.ActiveCfg = Debug|Any CPU
		{E09F14FB-AB39-9FD2-A9BB-3E9B6AF4B521}.Debug|Any CPU.Build.0 = Debug|Any CPU
		{E09F14FB-AB39-9FD2-A9BB-3E9B6AF4B521}.Release|Any CPU.ActiveCfg = Release|Any CPU
		{E09F14FB-AB39-9FD2-A9BB-3E9B6AF4B521}.Release|Any CPU.Build.0 = Release|Any CPU
	EndGlobalSection
	GlobalSection(SolutionProperties) = preSolution
		HideSolutionNode = FALSE
	EndGlobalSection
	GlobalSection(ExtensibilityGlobals) = postSolution
		SolutionGuid = {D32B7FAF-DBB5-4CAC-83B8-37A9B3428E00}
	EndGlobalSection
EndGlobal
