Microsoft Visual Studio Solution File, Format Version 12.00
# Visual Studio Version 17
VisualStudioVersion = 17.5.2.0
MinimumVisualStudioVersion = 10.0.40219.1
Project("{FAE04EC0-301F-11D3-BF4B-00C04F79EFBC}") = "07operadores_aritimeticos", "07operadores_aritimeticos.csproj", "{67F86552-46E4-5585-C64B-9DB14CB5EE40}"
EndProject
Global
	GlobalSection(SolutionConfigurationPlatforms) = preSolution
		Debug|Any CPU = Debug|Any CPU
		Release|Any CPU = Release|Any CPU
	EndGlobalSection
	GlobalSection(ProjectConfigurationPlatforms) = postSolution
		{67F86552-46E4-5585-C64B-9DB14CB5EE40}.Debug|Any CPU.ActiveCfg = Debug|Any CPU
		{67F86552-46E4-5585-C64B-9DB14CB5EE40}.Debug|Any CPU.Build.0 = Debug|Any CPU
		{67F86552-46E4-5585-C64B-9DB14CB5EE40}.Release|Any CPU.ActiveCfg = Release|Any CPU
		{67F86552-46E4-5585-C64B-9DB14CB5EE40}.Release|Any CPU.Build.0 = Release|Any CPU
	EndGlobalSection
	GlobalSection(SolutionProperties) = preSolution
		HideSolutionNode = FALSE
	EndGlobalSection
	GlobalSection(ExtensibilityGlobals) = postSolution
		SolutionGuid = {FA162F58-EE5A-4F4F-960D-FAE40A6AC143}
	EndGlobalSection
EndGlobal
